{
  "name": "frasedodia",
  "version": "1.0.0",
  "lockfileVersion": 3,
  "requires": true,
  "packages": {
    "": {
      "name": "frasedodia",
      "version": "1.0.0",
      "license": "ISC",
      "dependencies": {
        "translate": "^2.0.2"
      },
      "devDependencies": {
        "typescript": "^5.3.3"
      }
    },
    "node_modules/translate": {
      "version": "2.0.2",
      "resolved": "https://registry.npmjs.org/translate/-/translate-2.0.2.tgz",
      "integrity": "sha512-K07zjM146c2RYbdlG0xCNGkE6WPdcWjdWX55SOpHzgIq9Elj+LvvXDAfbeQ8gSfkrluaGahnNv2pYfq82UiBDQ==",
      "funding": {
        "url": "https://www.paypal.me/franciscopresencia/19"
      }
    },
    "node_modules/typescript": {
      "version": "5.3.3",
      "resolved": "https://registry.npmjs.org/typescript/-/typescript-5.3.3.tgz",
      "integrity": "sha512-pXWcraxM0uxAS+tN0AG/BF2TyqmHO014Z070UsJ+pFvYuRSq8KH8DmWpnbXe0pEPDHXZV3FcAbJkijJ5oNEnWw==",
      "dev": true,
      "bin": {
        "tsc": "bin/tsc",
        "tsserver": "bin/tsserver"
      },
      "engines": {
        "node": ">=14.17"
      }
    }
  }
}
